
Microsoft Visual Studio Solution File, Format Version 12.00
# Visual Studio Version 17
VisualStudioVersion = 17.0.31903.59
MinimumVisualStudioVersion = 10.0.40219.1
Project("{FAE04EC0-301F-11D3-BF4B-00C04F79EFBC}") = "Movies.Api", "Movies.Api\Movies.Api.csproj", "{3B09C6F3-F690-4537-98BB-39F6285AC18E}"
EndProject
Project("{FAE04EC0-301F-11D3-BF4B-00C04F79EFBC}") = "Movies.Contracts", "Movies.Contracts\Movies.Contracts.csproj", "{17557B81-CFBC-4FA6-BE2C-FD471A2BDB10}"
EndProject
Project("{FAE04EC0-301F-11D3-BF4B-00C04F79EFBC}") = "Movies.Application", "Movies.Application\Movies.Application.csproj", "{699D2D4D-93D1-453B-949F-5C63BA3BC297}"
EndProject
Project("{FAE04EC0-301F-11D3-BF4B-00C04F79EFBC}") = "Identity.Api", "Identity.Api\Identity.Api.csproj", "{051EF008-BF3C-46CA-8352-1F13158D4C59}"
EndProject
Global
	GlobalSection(SolutionConfigurationPlatforms) = preSolution
		Debug|Any CPU = Debug|Any CPU
		Release|Any CPU = Release|Any CPU
	EndGlobalSection
	GlobalSection(SolutionProperties) = preSolution
		HideSolutionNode = FALSE
	EndGlobalSection
	GlobalSection(ProjectConfigurationPlatforms) = postSolution
		{3B09C6F3-F690-4537-98BB-39F6285AC18E}.Debug|Any CPU.ActiveCfg = Debug|Any CPU
		{3B09C6F3-F690-4537-98BB-39F6285AC18E}.Debug|Any CPU.Build.0 = Debug|Any CPU
		{3B09C6F3-F690-4537-98BB-39F6285AC18E}.Release|Any CPU.ActiveCfg = Release|Any CPU
		{3B09C6F3-F690-4537-98BB-39F6285AC18E}.Release|Any CPU.Build.0 = Release|Any CPU
		{17557B81-CFBC-4FA6-BE2C-FD471A2BDB10}.Debug|Any CPU.ActiveCfg = Debug|Any CPU
		{17557B81-CFBC-4FA6-BE2C-FD471A2BDB10}.Debug|Any CPU.Build.0 = Debug|Any CPU
		{17557B81-CFBC-4FA6-BE2C-FD471A2BDB10}.Release|Any CPU.ActiveCfg = Release|Any CPU
		{17557B81-CFBC-4FA6-BE2C-FD471A2BDB10}.Release|Any CPU.Build.0 = Release|Any CPU
		{699D2D4D-93D1-453B-949F-5C63BA3BC297}.Debug|Any CPU.ActiveCfg = Debug|Any CPU
		{699D2D4D-93D1-453B-949F-5C63BA3BC297}.Debug|Any CPU.Build.0 = Debug|Any CPU
		{699D2D4D-93D1-453B-949F-5C63BA3BC297}.Release|Any CPU.ActiveCfg = Release|Any CPU
		{699D2D4D-93D1-453B-949F-5C63BA3BC297}.Release|Any CPU.Build.0 = Release|Any CPU
		{051EF008-BF3C-46CA-8352-1F13158D4C59}.Debug|Any CPU.ActiveCfg = Debug|Any CPU
		{051EF008-BF3C-46CA-8352-1F13158D4C59}.Debug|Any CPU.Build.0 = Debug|Any CPU
		{051EF008-BF3C-46CA-8352-1F13158D4C59}.Release|Any CPU.ActiveCfg = Release|Any CPU
		{051EF008-BF3C-46CA-8352-1F13158D4C59}.Release|Any CPU.Build.0 = Release|Any CPU
	EndGlobalSection
EndGlobal
